
Microsoft Visual Studio Solution File, Format Version 12.00
# Visual Studio Version 17
VisualStudioVersion = 17.4.33205.214
MinimumVisualStudioVersion = 10.0.40219.1
Project("{8BC9CEB8-8B4A-11D0-8D11-00A0C91BC942}") = "W3_class", "W3_class.vcxproj", "{521AA43C-718C-4E44-9ED1-652919E854BA}"
EndProject
Global
	GlobalSection(SolutionConfigurationPlatforms) = preSolution
		Debug|x64 = Debug|x64
		Debug|x86 = Debug|x86
		Release|x64 = Release|x64
		Release|x86 = Release|x86
	EndGlobalSection
	GlobalSection(ProjectConfigurationPlatforms) = postSolution
		{521AA43C-718C-4E44-9ED1-652919E854BA}.Debug|x64.ActiveCfg = Debug|x64
		{521AA43C-718C-4E44-9ED1-652919E854BA}.Debug|x64.Build.0 = Debug|x64
		{521AA43C-718C-4E44-9ED1-652919E854BA}.Debug|x86.ActiveCfg = Debug|Win32
		{521AA43C-718C-4E44-9ED1-652919E854BA}.Debug|x86.Build.0 = Debug|Win32
		{521AA43C-718C-4E44-9ED1-652919E854BA}.Release|x64.ActiveCfg = Release|x64
		{521AA43C-718C-4E44-9ED1-652919E854BA}.Release|x64.Build.0 = Release|x64
		{521AA43C-718C-4E44-9ED1-652919E854BA}.Release|x86.ActiveCfg = Release|Win32
		{521AA43C-718C-4E44-9ED1-652919E854BA}.Release|x86.Build.0 = Release|Win32
	EndGlobalSection
	GlobalSection(SolutionProperties) = preSolution
		HideSolutionNode = FALSE
	EndGlobalSection
	GlobalSection(ExtensibilityGlobals) = postSolution
		SolutionGuid = {97A733A9-3126-40E0-9B91-4E6A670C27A8}
	EndGlobalSection
EndGlobal
